
Microsoft Visual Studio Solution File, Format Version 12.00
# Visual Studio Version 16
VisualStudioVersion = 16.0.29806.167
MinimumVisualStudioVersion = 15.0.26124.0
Project("{9A19103F-16F7-4668-BE54-9A1E7A4F7556}") = "Maybe", "Maybe\Maybe.csproj", "{D3A572E3-4286-45EF-BC59-B32199528C38}"
EndProject
Project("{9A19103F-16F7-4668-BE54-9A1E7A4F7556}") = "Maybe.Test", "Maybe.Test\Maybe.Test.csproj", "{8A8A6B81-2DE3-4752-888D-63B41CF5A498}"
EndProject
Project("{2150E333-8FDC-42A3-9474-1A3956D46DE8}") = "Solution Items", "Solution Items", "{0D925B76-A326-42E9-9F3D-904E319477E5}"
	ProjectSection(SolutionItems) = preProject
		.editorconfig = .editorconfig
	EndProjectSection
EndProject
Project("{9A19103F-16F7-4668-BE54-9A1E7A4F7556}") = "Maybe.Debug", "Maybe.Debug\Maybe.Debug.csproj", "{EB6E5B8E-A10E-46A7-920E-3ACA26B900CD}"
EndProject
Global
	GlobalSection(SolutionConfigurationPlatforms) = preSolution
		Debug|Any CPU = Debug|Any CPU
		Debug|x64 = Debug|x64
		Debug|x86 = Debug|x86
		Release|Any CPU = Release|Any CPU
		Release|x64 = Release|x64
		Release|x86 = Release|x86
	EndGlobalSection
	GlobalSection(ProjectConfigurationPlatforms) = postSolution
		{D3A572E3-4286-45EF-BC59-B32199528C38}.Debug|Any CPU.ActiveCfg = Debug|Any CPU
		{D3A572E3-4286-45EF-BC59-B32199528C38}.Debug|Any CPU.Build.0 = Debug|Any CPU
		{D3A572E3-4286-45EF-BC59-B32199528C38}.Debug|x64.ActiveCfg = Debug|Any CPU
		{D3A572E3-4286-45EF-BC59-B32199528C38}.Debug|x64.Build.0 = Debug|Any CPU
		{D3A572E3-4286-45EF-BC59-B32199528C38}.Debug|x86.ActiveCfg = Debug|Any CPU
		{D3A572E3-4286-45EF-BC59-B32199528C38}.Debug|x86.Build.0 = Debug|Any CPU
		{D3A572E3-4286-45EF-BC59-B32199528C38}.Release|Any CPU.ActiveCfg = Release|Any CPU
		{D3A572E3-4286-45EF-BC59-B32199528C38}.Release|Any CPU.Build.0 = Release|Any CPU
		{D3A572E3-4286-45EF-BC59-B32199528C38}.Release|x64.ActiveCfg = Release|Any CPU
		{D3A572E3-4286-45EF-BC59-B32199528C38}.Release|x64.Build.0 = Release|Any CPU
		{D3A572E3-4286-45EF-BC59-B32199528C38}.Release|x86.ActiveCfg = Release|Any CPU
		{D3A572E3-4286-45EF-BC59-B32199528C38}.Release|x86.Build.0 = Release|Any CPU
		{8A8A6B81-2DE3-4752-888D-63B41CF5A498}.Debug|Any CPU.ActiveCfg = Debug|Any CPU
		{8A8A6B81-2DE3-4752-888D-63B41CF5A498}.Debug|Any CPU.Build.0 = Debug|Any CPU
		{8A8A6B81-2DE3-4752-888D-63B41CF5A498}.Debug|x64.ActiveCfg = Debug|Any CPU
		{8A8A6B81-2DE3-4752-888D-63B41CF5A498}.Debug|x64.Build.0 = Debug|Any CPU
		{8A8A6B81-2DE3-4752-888D-63B41CF5A498}.Debug|x86.ActiveCfg = Debug|Any CPU
		{8A8A6B81-2DE3-4752-888D-63B41CF5A498}.Debug|x86.Build.0 = Debug|Any CPU
		{8A8A6B81-2DE3-4752-888D-63B41CF5A498}.Release|Any CPU.ActiveCfg = Release|Any CPU
		{8A8A6B81-2DE3-4752-888D-63B41CF5A498}.Release|Any CPU.Build.0 = Release|Any CPU
		{8A8A6B81-2DE3-4752-888D-63B41CF5A498}.Release|x64.ActiveCfg = Release|Any CPU
		{8A8A6B81-2DE3-4752-888D-63B41CF5A498}.Release|x64.Build.0 = Release|Any CPU
		{8A8A6B81-2DE3-4752-888D-63B41CF5A498}.Release|x86.ActiveCfg = Release|Any CPU
		{8A8A6B81-2DE3-4752-888D-63B41CF5A498}.Release|x86.Build.0 = Release|Any CPU
		{EB6E5B8E-A10E-46A7-920E-3ACA26B900CD}.Debug|Any CPU.ActiveCfg = Debug|Any CPU
		{EB6E5B8E-A10E-46A7-920E-3ACA26B900CD}.Debug|Any CPU.Build.0 = Debug|Any CPU
		{EB6E5B8E-A10E-46A7-920E-3ACA26B900CD}.Debug|x64.ActiveCfg = Debug|Any CPU
		{EB6E5B8E-A10E-46A7-920E-3ACA26B900CD}.Debug|x64.Build.0 = Debug|Any CPU
		{EB6E5B8E-A10E-46A7-920E-3ACA26B900CD}.Debug|x86.ActiveCfg = Debug|Any CPU
		{EB6E5B8E-A10E-46A7-920E-3ACA26B900CD}.Debug|x86.Build.0 = Debug|Any CPU
		{EB6E5B8E-A10E-46A7-920E-3ACA26B900CD}.Release|Any CPU.ActiveCfg = Release|Any CPU
		{EB6E5B8E-A10E-46A7-920E-3ACA26B900CD}.Release|Any CPU.Build.0 = Release|Any CPU
		{EB6E5B8E-A10E-46A7-920E-3ACA26B900CD}.Release|x64.ActiveCfg = Release|Any CPU
		{EB6E5B8E-A10E-46A7-920E-3ACA26B900CD}.Release|x64.Build.0 = Release|Any CPU
		{EB6E5B8E-A10E-46A7-920E-3ACA26B900CD}.Release|x86.ActiveCfg = Release|Any CPU
		{EB6E5B8E-A10E-46A7-920E-3ACA26B900CD}.Release|x86.Build.0 = Release|Any CPU
	EndGlobalSection
	GlobalSection(SolutionProperties) = preSolution
		HideSolutionNode = FALSE
	EndGlobalSection
	GlobalSection(ExtensibilityGlobals) = postSolution
		SolutionGuid = {B3A3B470-CCB1-4669-9750-B7BC1B3202FD}
	EndGlobalSection
EndGlobal
